// !$*UTF8*$!
{
	archiveVersion = 1;
	classes = {
	};
	objectVersion = 46;
	objects = {

/* Begin PBXBuildFile section */
		CDCC54811D71442A00E7EF00 /* AppDelegate.swift in Sources */ = {isa = PBXBuildFile; fileRef = CDCC54801D71442A00E7EF00 /* AppDelegate.swift */; };
		CDCC54831D71442A00E7EF00 /* ViewController.swift in Sources */ = {isa = PBXBuildFile; fileRef = CDCC54821D71442A00E7EF00 /* ViewController.swift */; };
		CDCC54861D71442A00E7EF00 /* Main.storyboard in Resources */ = {isa = PBXBuildFile; fileRef = CDCC54841D71442A00E7EF00 /* Main.storyboard */; };
		CDCC54881D71442A00E7EF00 /* Assets.xcassets in Resources */ = {isa = PBXBuildFile; fileRef = CDCC54871D71442A00E7EF00 /* Assets.xcassets */; };
		CDCC548B1D71442A00E7EF00 /* LaunchScreen.storyboard in Resources */ = {isa = PBXBuildFile; fileRef = CDCC54891D71442A00E7EF00 /* LaunchScreen.storyboard */; };
		CDCC54951D71446D00E7EF00 /* img_1_s.jpg in Resources */ = {isa = PBXBuildFile; fileRef = CDCC54921D71446D00E7EF00 /* img_1_s.jpg */; };
		CDCC54961D71446D00E7EF00 /* img_2_s.jpg in Resources */ = {isa = PBXBuildFile; fileRef = CDCC54931D71446D00E7EF00 /* img_2_s.jpg */; };
		CDCC54971D71446D00E7EF00 /* img_3_s.jpg in Resources */ = {isa = PBXBuildFile; fileRef = CDCC54941D71446D00E7EF00 /* img_3_s.jpg */; };
/* End PBXBuildFile section */

/* Begin PBXFileReference section */
		CDCC547D1D71442A00E7EF00 /* image_change.app */ = {isa = PBXFileReference; explicitFileType = wrapper.application; includeInIndex = 0; path = image_change.app; sourceTree = BUILT_PRODUCTS_DIR; };
		CDCC54801D71442A00E7EF00 /* AppDelegate.swift */ = {isa = PBXFileReference; lastKnownFileType = sourcecode.swift; path = AppDelegate.swift; sourceTree = "<group>"; };
		CDCC54821D71442A00E7EF00 /* ViewController.swift */ = {isa = PBXFileReference; lastKnownFileType = sourcecode.swift; path = ViewController.swift; sourceTree = "<group>"; };
		CDCC54851D71442A00E7EF00 /* Base */ = {isa = PBXFileReference; lastKnownFileType = file.storyboard; name = Base; path = Base.lproj/Main.storyboard; sourceTree = "<group>"; };
		CDCC54871D71442A00E7EF00 /* Assets.xcassets */ = {isa = PBXFileReference; lastKnownFileType = folder.assetcatalog; path = Assets.xcassets; sourceTree = "<group>"; };
		CDCC548A1D71442A00E7EF00 /* Base */ = {isa = PBXFileReference; lastKnownFileType = file.storyboard; name = Base; path = Base.lproj/LaunchScreen.storyboard; sourceTree = "<group>"; };
		CDCC548C1D71442A00E7EF00 /* Info.plist */ = {isa = PBXFileReference; lastKnownFileType = text.plist.xml; path = Info.plist; sourceTree = "<group>"; };
		CDCC54921D71446D00E7EF00 /* img_1_s.jpg */ = {isa = PBXFileReference; lastKnownFileType = image.jpeg; path = img_1_s.jpg; sourceTree = "<group>"; };
		CDCC54931D71446D00E7EF00 /* img_2_s.jpg */ = {isa = PBXFileReference; lastKnownFileType = image.jpeg; path = img_2_s.jpg; sourceTree = "<group>"; };
		CDCC54941D71446D00E7EF00 /* img_3_s.jpg */ = {isa = PBXFileReference; lastKnownFileType = image.jpeg; path = img_3_s.jpg; sourceTree = "<group>"; };
/* End PBXFileReference section */

/* Begin PBXFrameworksBuildPhase section */
		CDCC547A1D71442A00E7EF00 /* Frameworks */ = {
			isa = PBXFrameworksBuildPhase;
			buildActionMask = 2147483647;
			files = (
			);
			runOnlyForDeploymentPostprocessing = 0;
		};
/* End PBXFrameworksBuildPhase section */

/* Begin PBXGroup section */
		CDCC54741D71442A00E7EF00 = {
			isa = PBXGroup;
			children = (
				CDCC547F1D71442A00E7EF00 /* image_change */,
				CDCC547E1D71442A00E7EF00 /* Products */,
			);
			sourceTree = "<group>";
		};
		CDCC547E1D71442A00E7EF00 /* Products */ = {
			isa = PBXGroup;
			children = (
				CDCC547D1D71442A00E7EF00 /* image_change.app */,
			);
			name = Products;
			sourceTree = "<group>";
		};
		CDCC547F1D71442A00E7EF00 /* image_change */ = {
			isa = PBXGroup;
			children = (
				CDCC54801D71442A00E7EF00 /* AppDelegate.swift */,
				CDCC54821D71442A00E7EF00 /* ViewController.swift */,
				CDCC54841D71442A00E7EF00 /* Main.storyboard */,
				CDCC54871D71442A00E7EF00 /* Assets.xcassets */,
				CDCC54921D71446D00E7EF00 /* img_1_s.jpg */,
				CDCC54931D71446D00E7EF00 /* img_2_s.jpg */,
				CDCC54941D71446D00E7EF00 /* img_3_s.jpg */,
				CDCC54891D71442A00E7EF00 /* LaunchScreen.storyboard */,
				CDCC548C1D71442A00E7EF00 /* Info.plist */,
			);
			path = image_change;
			sourceTree = "<group>";
		};
/* End PBXGroup section */

/* Begin PBXNativeTarget section */
		CDCC547C1D71442A00E7EF00 /* image_change */ = {
			isa = PBXNativeTarget;
			buildConfigurationList = CDCC548F1D71442A00E7EF00 /* Build configuration list for PBXNativeTarget "image_change" */;
			buildPhases = (
				CDCC54791D71442A00E7EF00 /* Sources */,
				CDCC547A1D71442A00E7EF00 /* Frameworks */,
				CDCC547B1D71442A00E7EF00 /* Resources */,
			);
			buildRules = (
			);
			dependencies = (
			);
			name = image_change;
			productName = image_change;
			productReference = CDCC547D1D71442A00E7EF00 /* image_change.app */;
			productType = "com.apple.product-type.application";
		};
/* End PBXNativeTarget section */

/* Begin PBXProject section */
		CDCC54751D71442A00E7EF00 /* Project object */ = {
			isa = PBXProject;
			attributes = {
				LastSwiftUpdateCheck = 0730;
				LastUpgradeCheck = 0730;
				ORGANIZATIONNAME = takayoshi.yokoyama;
				TargetAttributes = {
					CDCC547C1D71442A00E7EF00 = {
						CreatedOnToolsVersion = 7.3.1;
					};
				};
			};
			buildConfigurationList = CDCC54781D71442A00E7EF00 /* Build configuration list for PBXProject "image_change" */;
			compatibilityVersion = "Xcode 3.2";
			developmentRegion = English;
			hasScannedForEncodings = 0;
			knownRegions = (
				en,
				Base,
			);
			mainGroup = CDCC54741D71442A00E7EF00;
			productRefGroup = CDCC547E1D71442A00E7EF00 /* Products */;
			projectDirPath = "";
			projectRoot = "";
			targets = (
				CDCC547C1D71442A00E7EF00 /* image_change */,
			);
		};
/* End PBXProject section */

/* Begin PBXResourcesBuildPhase section */
		CDCC547B1D71442A00E7EF00 /* Resources */ = {
			isa = PBXResourcesBuildPhase;
			buildActionMask = 2147483647;
			files = (
				CDCC548B1D71442A00E7EF00 /* LaunchScreen.storyboard in Resources */,
				CDCC54951D71446D00E7EF00 /* img_1_s.jpg in Resources */,
				CDCC54881D71442A00E7EF00 /* Assets.xcassets in Resources */,
				CDCC54971D71446D00E7EF00 /* img_3_s.jpg in Resources */,
				CDCC54861D71442A00E7EF00 /* Main.storyboard in Resources */,
				CDCC54961D71446D00E7EF00 /* img_2_s.jpg in Resources */,
			);
			runOnlyForDeploymentPostprocessing = 0;
		};
/* End PBXResourcesBuildPhase section */

/* Begin PBXSourcesBuildPhase section */
		CDCC54791D71442A00E7EF00 /* Sources */ = {
			isa = PBXSourcesBuildPhase;
			buildActionMask = 2147483647;
			files = (
				CDCC54831D71442A00E7EF00 /* ViewController.swift in Sources */,
				CDCC54811D71442A00E7EF00 /* AppDelegate.swift in Sources */,
			);
			runOnlyForDeploymentPostprocessing = 0;
		};
/* End PBXSourcesBuildPhase section */

/* Begin PBXVariantGroup section */
		CDCC54841D71442A00E7EF00 /* Main.storyboard */ = {
			isa = PBXVariantGroup;
			children = (
				CDCC54851D71442A00E7EF00 /* Base */,
			);
			name = Main.storyboard;
			sourceTree = "<group>";
		};
		CDCC54891D71442A00E7EF00 /* LaunchScreen.storyboard */ = {
			isa = PBXVariantGroup;
			children = (
				CDCC548A1D71442A00E7EF00 /* Base */,
			);
			name = LaunchScreen.storyboard;
			sourceTree = "<group>";
		};
/* End PBXVariantGroup section */

/* Begin XCBuildConfiguration section */
		CDCC548D1D71442A00E7EF00 /* Debug */ = {
			isa = XCBuildConfiguration;
			buildSettings = {
				ALWAYS_SEARCH_USER_PATHS = NO;
				CLANG_ANALYZER_NONNULL = YES;
				CLANG_CXX_LANGUAGE_STANDARD = "gnu++0x";
				CLANG_CXX_LIBRARY = "libc++";
				CLANG_ENABLE_MODULES = YES;
				CLANG_ENABLE_OBJC_ARC = YES;
				CLANG_WARN_BOOL_CONVERSION = YES;
				CLANG_WARN_CONSTANT_CONVERSION = YES;
				CLANG_WARN_DIRECT_OBJC_ISA_USAGE = YES_ERROR;
				CLANG_WARN_EMPTY_BODY = YES;
				CLANG_WARN_ENUM_CONVERSION = YES;
				CLANG_WARN_INT_CONVERSION = YES;
				CLANG_WARN_OBJC_ROOT_CLASS = YES_ERROR;
				CLANG_WARN_UNREACHABLE_CODE = YES;
				CLANG_WARN__DUPLICATE_METHOD_MATCH = YES;
				"CODE_SIGN_IDENTITY[sdk=iphoneos*]" = "iPhone Developer";
				COPY_PHASE_STRIP = NO;
				DEBUG_INFORMATION_FORMAT = dwarf;
				ENABLE_STRICT_OBJC_MSGSEND = YES;
				ENABLE_TESTABILITY = YES;
				GCC_C_LANGUAGE_STANDARD = gnu99;
				GCC_DYNAMIC_NO_PIC = NO;
				GCC_NO_COMMON_BLOCKS = YES;
				GCC_OPTIMIZATION_LEVEL = 0;
				GCC_PREPROCESSOR_DEFINITIONS = (
					"DEBUG=1",
					"$(inherited)",
				);
				GCC_WARN_64_TO_32_BIT_CONVERSION = YES;
				GCC_WARN_ABOUT_RETURN_TYPE = YES_ERROR;
				GCC_WARN_UNDECLARED_SELECTOR = YES;
				GCC_WARN_UNINITIALIZED_AUTOS = YES_AGGRESSIVE;
				GCC_WARN_UNUSED_FUNCTION = YES;
				GCC_WARN_UNUSED_VARIABLE = YES;
				IPHONEOS_DEPLOYMENT_TARGET = 9.3;
				MTL_ENABLE_DEBUG_INFO = YES;
				ONLY_ACTIVE_ARCH = YES;
				SDKROOT = iphoneos;
				SWIFT_OPTIMIZATION_LEVEL = "-Onone";
			};
			name = Debug;
		};
		CDCC548E1D71442A00E7EF00 /* Release */ = {
			isa = XCBuildConfiguration;
			buildSettings = {
				ALWAYS_SEARCH_USER_PATHS = NO;
				CLANG_ANALYZER_NONNULL = YES;
				CLANG_CXX_LANGUAGE_STANDARD = "gnu++0x";
				CLANG_CXX_LIBRARY = "libc++";
				CLANG_ENABLE_MODULES = YES;
				CLANG_ENABLE_OBJC_ARC = YES;
				CLANG_WARN_BOOL_CONVERSION = YES;
				CLANG_WARN_CONSTANT_CONVERSION = YES;
				CLANG_WARN_DIRECT_OBJC_ISA_USAGE = YES_ERROR;
				CLANG_WARN_EMPTY_BODY = YES;
				CLANG_WARN_ENUM_CONVERSION = YES;
				CLANG_WARN_INT_CONVERSION = YES;
				CLANG_WARN_OBJC_ROOT_CLASS = YES_ERROR;
				CLANG_WARN_UNREACHABLE_CODE = YES;
				CLANG_WARN__DUPLICATE_METHOD_MATCH = YES;
				"CODE_SIGN_IDENTITY[sdk=iphoneos*]" = "iPhone Developer";
				COPY_PHASE_STRIP = NO;
				DEBUG_INFORMATION_FORMAT = "dwarf-with-dsym";
				ENABLE_NS_ASSERTIONS = NO;
				ENABLE_STRICT_OBJC_MSGSEND = YES;
				GCC_C_LANGUAGE_STANDARD = gnu99;
				GCC_NO_COMMON_BLOCKS = YES;
				GCC_WARN_64_TO_32_BIT_CONVERSION = YES;
				GCC_WARN_ABOUT_RETURN_TYPE = YES_ERROR;
				GCC_WARN_UNDECLARED_SELECTOR = YES;
				GCC_WARN_UNINITIALIZED_AUTOS = YES_AGGRESSIVE;
				GCC_WARN_UNUSED_FUNCTION = YES;
				GCC_WARN_UNUSED_VARIABLE = YES;
				IPHONEOS_DEPLOYMENT_TARGET = 9.3;
				MTL_ENABLE_DEBUG_INFO = NO;
				SDKROOT = iphoneos;
				VALIDATE_PRODUCT = YES;
			};
			name = Release;
		};
		CDCC54901D71442A00E7EF00 /* Debug */ = {
			isa = XCBuildConfiguration;
			buildSettings = {
				ASSETCATALOG_COMPILER_APPICON_NAME = AppIcon;
				INFOPLIST_FILE = image_change/Info.plist;
				LD_RUNPATH_SEARCH_PATHS = "$(inherited) @executable_path/Frameworks";
				PRODUCT_BUNDLE_IDENTIFIER = "jp.techacademy.takayoshi.yokoyama.image-change";
				PRODUCT_NAME = "$(TARGET_NAME)";
			};
			name = Debug;
		};
		CDCC54911D71442A00E7EF00 /* Release */ = {
			isa = XCBuildConfiguration;
			buildSettings = {
				ASSETCATALOG_COMPILER_APPICON_NAME = AppIcon;
				INFOPLIST_FILE = image_change/Info.plist;
				LD_RUNPATH_SEARCH_PATHS = "$(inherited) @executable_path/Frameworks";
				PRODUCT_BUNDLE_IDENTIFIER = "jp.techacademy.takayoshi.yokoyama.image-change";
				PRODUCT_NAME = "$(TARGET_NAME)";
			};
			name = Release;
		};
/* End XCBuildConfiguration section */

/* Begin XCConfigurationList section */
		CDCC54781D71442A00E7EF00 /* Build configuration list for PBXProject "image_change" */ = {
			isa = XCConfigurationList;
			buildConfigurations = (
				CDCC548D1D71442A00E7EF00 /* Debug */,
				CDCC548E1D71442A00E7EF00 /* Release */,
			);
			defaultConfigurationIsVisible = 0;
			defaultConfigurationName = Release;
		};
		CDCC548F1D71442A00E7EF00 /* Build configuration list for PBXNativeTarget "image_change" */ = {
			isa = XCConfigurationList;
			buildConfigurations = (
				CDCC54901D71442A00E7EF00 /* Debug */,
				CDCC54911D71442A00E7EF00 /* Release */,
			);
			defaultConfigurationIsVisible = 0;
		};
/* End XCConfigurationList section */
	};
	rootObject = CDCC54751D71442A00E7EF00 /* Project object */;
}
